
Microsoft Visual Studio Solution File, Format Version 12.00
# Visual Studio 14
VisualStudioVersion = 14.0.25420.1
MinimumVisualStudioVersion = 10.0.40219.1
Project("{FAE04EC0-301F-11D3-BF4B-00C04F79EFBC}") = "WebJobs.Script", "src\WebJobs.Script\WebJobs.Script.csproj", "{1DC670CD-F42F-4D8F-97BD-0E1AA8221094}"
EndProject
Project("{2150E333-8FDC-42A3-9474-1A3956D46DE8}") = "src", "src", "{16351B76-87CA-4A8C-80A1-3DD83A0C4AA6}"
EndProject
Project("{2150E333-8FDC-42A3-9474-1A3956D46DE8}") = "test", "test", "{FD93A1ED-5AC4-4F9B-9087-E1C24320F36E}"
EndProject
Project("{FAE04EC0-301F-11D3-BF4B-00C04F79EFBC}") = "WebJobs.Script.Tests", "test\WebJobs.Script.Tests\WebJobs.Script.Tests.csproj", "{38C609D3-B126-43B0-B9D8-6D62FAEE2ABC}"
EndProject
Project("{FAE04EC0-301F-11D3-BF4B-00C04F79EFBC}") = "Packages", "src\Packages\Packages.csproj", "{34AB8F63-18DE-4E0D-B21C-15E33B091634}"
EndProject
Project("{FAE04EC0-301F-11D3-BF4B-00C04F79EFBC}") = "WebJobs.Script.Host", "src\WebJobs.Script.Host\WebJobs.Script.Host.csproj", "{F5FAB5A1-A816-441B-86BF-CA3CAE2F7588}"
EndProject
Project("{2150E333-8FDC-42A3-9474-1A3956D46DE8}") = ".nuget", ".nuget", "{446135EF-3B07-417B-80FF-06099AA81DFF}"
	ProjectSection(SolutionItems) = preProject
		.nuget\NuGet.Config = .nuget\NuGet.Config
		.nuget\packages.config = .nuget\packages.config
	EndProjectSection
EndProject
Project("{FAE04EC0-301F-11D3-BF4B-00C04F79EFBC}") = "WebJobs.Script.WebHost", "src\WebJobs.Script.WebHost\WebJobs.Script.WebHost.csproj", "{63C9B2F4-F122-4ACC-968F-9B8F0880A72F}"
EndProject
Project("{FAE04EC0-301F-11D3-BF4B-00C04F79EFBC}") = "WebJobs.Script.Extensibility", "src\WebJobs.Script.Extensibility\WebJobs.Script.Extensibility.csproj", "{479B0873-CBDC-4AE9-85BA-DD6CF2DCA29D}"
EndProject
Project("{2150E333-8FDC-42A3-9474-1A3956D46DE8}") = "Solution Items", "Solution Items", "{B61B73F6-0770-408A-9BF1-E217CD4D6334}"
	ProjectSection(SolutionItems) = preProject
		host.json = host.json
	EndProjectSection
EndProject
Project("{2150E333-8FDC-42A3-9474-1A3956D46DE8}") = "QueueConsumer", "QueueConsumer", "{1BD00AFE-3C8D-4EDE-90F4-095714F0F838}"
	ProjectSection(SolutionItems) = preProject
		QueueConsumer\function.json = QueueConsumer\function.json
		QueueConsumer\project.json = QueueConsumer\project.json
		QueueConsumer\run.csx = QueueConsumer\run.csx
	EndProjectSection
EndProject
Project("{2150E333-8FDC-42A3-9474-1A3956D46DE8}") = "SharedReferences", "SharedReferences", "{945FA735-E84C-48FB-8AC7-3004FD14DA9B}"
	ProjectSection(SolutionItems) = preProject
		SharedReferences\Infrastructure.dll = SharedReferences\Infrastructure.dll
		SharedReferences\Logic.Abstraction.dll = SharedReferences\Logic.Abstraction.dll
		SharedReferences\Microsoft.ApplicationInsights.dll = SharedReferences\Microsoft.ApplicationInsights.dll
	EndProjectSection
EndProject
Global
	GlobalSection(SolutionConfigurationPlatforms) = preSolution
		Debug|Any CPU = Debug|Any CPU
		Release|Any CPU = Release|Any CPU
	EndGlobalSection
	GlobalSection(ProjectConfigurationPlatforms) = postSolution
		{1DC670CD-F42F-4D8F-97BD-0E1AA8221094}.Debug|Any CPU.ActiveCfg = Debug|Any CPU
		{1DC670CD-F42F-4D8F-97BD-0E1AA8221094}.Debug|Any CPU.Build.0 = Debug|Any CPU
		{1DC670CD-F42F-4D8F-97BD-0E1AA8221094}.Release|Any CPU.ActiveCfg = Release|Any CPU
		{1DC670CD-F42F-4D8F-97BD-0E1AA8221094}.Release|Any CPU.Build.0 = Release|Any CPU
		{38C609D3-B126-43B0-B9D8-6D62FAEE2ABC}.Debug|Any CPU.ActiveCfg = Debug|Any CPU
		{38C609D3-B126-43B0-B9D8-6D62FAEE2ABC}.Debug|Any CPU.Build.0 = Debug|Any CPU
		{38C609D3-B126-43B0-B9D8-6D62FAEE2ABC}.Release|Any CPU.ActiveCfg = Release|Any CPU
		{38C609D3-B126-43B0-B9D8-6D62FAEE2ABC}.Release|Any CPU.Build.0 = Release|Any CPU
		{34AB8F63-18DE-4E0D-B21C-15E33B091634}.Debug|Any CPU.ActiveCfg = Debug|Any CPU
		{34AB8F63-18DE-4E0D-B21C-15E33B091634}.Debug|Any CPU.Build.0 = Debug|Any CPU
		{34AB8F63-18DE-4E0D-B21C-15E33B091634}.Release|Any CPU.ActiveCfg = Release|Any CPU
		{34AB8F63-18DE-4E0D-B21C-15E33B091634}.Release|Any CPU.Build.0 = Release|Any CPU
		{F5FAB5A1-A816-441B-86BF-CA3CAE2F7588}.Debug|Any CPU.ActiveCfg = Debug|Any CPU
		{F5FAB5A1-A816-441B-86BF-CA3CAE2F7588}.Debug|Any CPU.Build.0 = Debug|Any CPU
		{F5FAB5A1-A816-441B-86BF-CA3CAE2F7588}.Release|Any CPU.ActiveCfg = Release|Any CPU
		{F5FAB5A1-A816-441B-86BF-CA3CAE2F7588}.Release|Any CPU.Build.0 = Release|Any CPU
		{63C9B2F4-F122-4ACC-968F-9B8F0880A72F}.Debug|Any CPU.ActiveCfg = Debug|Any CPU
		{63C9B2F4-F122-4ACC-968F-9B8F0880A72F}.Debug|Any CPU.Build.0 = Debug|Any CPU
		{63C9B2F4-F122-4ACC-968F-9B8F0880A72F}.Release|Any CPU.ActiveCfg = Release|Any CPU
		{63C9B2F4-F122-4ACC-968F-9B8F0880A72F}.Release|Any CPU.Build.0 = Release|Any CPU
		{479B0873-CBDC-4AE9-85BA-DD6CF2DCA29D}.Debug|Any CPU.ActiveCfg = Debug|Any CPU
		{479B0873-CBDC-4AE9-85BA-DD6CF2DCA29D}.Debug|Any CPU.Build.0 = Debug|Any CPU
		{479B0873-CBDC-4AE9-85BA-DD6CF2DCA29D}.Release|Any CPU.ActiveCfg = Release|Any CPU
		{479B0873-CBDC-4AE9-85BA-DD6CF2DCA29D}.Release|Any CPU.Build.0 = Release|Any CPU
	EndGlobalSection
	GlobalSection(SolutionProperties) = preSolution
		HideSolutionNode = FALSE
	EndGlobalSection
	GlobalSection(NestedProjects) = preSolution
		{1DC670CD-F42F-4D8F-97BD-0E1AA8221094} = {16351B76-87CA-4A8C-80A1-3DD83A0C4AA6}
		{38C609D3-B126-43B0-B9D8-6D62FAEE2ABC} = {FD93A1ED-5AC4-4F9B-9087-E1C24320F36E}
		{34AB8F63-18DE-4E0D-B21C-15E33B091634} = {16351B76-87CA-4A8C-80A1-3DD83A0C4AA6}
		{F5FAB5A1-A816-441B-86BF-CA3CAE2F7588} = {16351B76-87CA-4A8C-80A1-3DD83A0C4AA6}
		{63C9B2F4-F122-4ACC-968F-9B8F0880A72F} = {16351B76-87CA-4A8C-80A1-3DD83A0C4AA6}
		{479B0873-CBDC-4AE9-85BA-DD6CF2DCA29D} = {16351B76-87CA-4A8C-80A1-3DD83A0C4AA6}
	EndGlobalSection
EndGlobal
